
Microsoft Visual Studio Solution File, Format Version 12.00
# Visual Studio Version 17
VisualStudioVersion = 17.11.35312.102
MinimumVisualStudioVersion = 10.0.40219.1
Project("{FAE04EC0-301F-11D3-BF4B-00C04F79EFBC}") = "ProyectoProgramacion2", "ProyectoProgramacion2\ProyectoProgramacion2.csproj", "{B92DAE73-0E98-4C24-B1EB-64A89B5AD3D0}"
EndProject
Global
	GlobalSection(SolutionConfigurationPlatforms) = preSolution
		Debug|Any CPU = Debug|Any CPU
		Release|Any CPU = Release|Any CPU
	EndGlobalSection
	GlobalSection(ProjectConfigurationPlatforms) = postSolution
		{B92DAE73-0E98-4C24-B1EB-64A89B5AD3D0}.Debug|Any CPU.ActiveCfg = Debug|Any CPU
		{B92DAE73-0E98-4C24-B1EB-64A89B5AD3D0}.Debug|Any CPU.Build.0 = Debug|Any CPU
		{B92DAE73-0E98-4C24-B1EB-64A89B5AD3D0}.Release|Any CPU.ActiveCfg = Release|Any CPU
		{B92DAE73-0E98-4C24-B1EB-64A89B5AD3D0}.Release|Any CPU.Build.0 = Release|Any CPU
	EndGlobalSection
	GlobalSection(SolutionProperties) = preSolution
		HideSolutionNode = FALSE
	EndGlobalSection
	GlobalSection(ExtensibilityGlobals) = postSolution
		SolutionGuid = {2543CA27-A0B6-4AE4-B501-879E076B5975}
	EndGlobalSection
EndGlobal
